
Microsoft Visual Studio Solution File, Format Version 12.00
# Visual Studio Version 17
VisualStudioVersion = 17.7.34221.43
MinimumVisualStudioVersion = 10.0.40219.1
Project("{FAE04EC0-301F-11D3-BF4B-00C04F79EFBC}") = "01_02_P_datagridview_Dorofeeva", "01_02_P_datagridview_Dorofeeva\01_02_P_datagridview_Dorofeeva.csproj", "{36C2AF97-8858-4C5F-9183-E0FAC1233341}"
EndProject
Global
	GlobalSection(SolutionConfigurationPlatforms) = preSolution
		Debug|Any CPU = Debug|Any CPU
		Release|Any CPU = Release|Any CPU
	EndGlobalSection
	GlobalSection(ProjectConfigurationPlatforms) = postSolution
		{36C2AF97-8858-4C5F-9183-E0FAC1233341}.Debug|Any CPU.ActiveCfg = Debug|Any CPU
		{36C2AF97-8858-4C5F-9183-E0FAC1233341}.Debug|Any CPU.Build.0 = Debug|Any CPU
		{36C2AF97-8858-4C5F-9183-E0FAC1233341}.Release|Any CPU.ActiveCfg = Release|Any CPU
		{36C2AF97-8858-4C5F-9183-E0FAC1233341}.Release|Any CPU.Build.0 = Release|Any CPU
	EndGlobalSection
	GlobalSection(SolutionProperties) = preSolution
		HideSolutionNode = FALSE
	EndGlobalSection
	GlobalSection(ExtensibilityGlobals) = postSolution
		SolutionGuid = {023E7A0A-CD83-47BE-B284-1092FA64CFE8}
	EndGlobalSection
EndGlobal
