
Microsoft Visual Studio Solution File, Format Version 12.00
# Visual Studio Version 17
VisualStudioVersion = 17.7.34221.43
MinimumVisualStudioVersion = 10.0.40219.1
Project("{FAE04EC0-301F-11D3-BF4B-00C04F79EFBC}") = "20_01_DZ_authorization_dorofeeva", "20_01_DZ_authorization_dorofeeva\20_01_DZ_authorization_dorofeeva.csproj", "{B9F1C005-0C2E-4781-9B3C-7C0DAD0CB997}"
EndProject
Global
	GlobalSection(SolutionConfigurationPlatforms) = preSolution
		Debug|Any CPU = Debug|Any CPU
		Release|Any CPU = Release|Any CPU
	EndGlobalSection
	GlobalSection(ProjectConfigurationPlatforms) = postSolution
		{B9F1C005-0C2E-4781-9B3C-7C0DAD0CB997}.Debug|Any CPU.ActiveCfg = Debug|Any CPU
		{B9F1C005-0C2E-4781-9B3C-7C0DAD0CB997}.Debug|Any CPU.Build.0 = Debug|Any CPU
		{B9F1C005-0C2E-4781-9B3C-7C0DAD0CB997}.Release|Any CPU.ActiveCfg = Release|Any CPU
		{B9F1C005-0C2E-4781-9B3C-7C0DAD0CB997}.Release|Any CPU.Build.0 = Release|Any CPU
	EndGlobalSection
	GlobalSection(SolutionProperties) = preSolution
		HideSolutionNode = FALSE
	EndGlobalSection
	GlobalSection(ExtensibilityGlobals) = postSolution
		SolutionGuid = {EC8F243D-73DA-40C4-9B78-AC9856C556EC}
	EndGlobalSection
EndGlobal
